
Microsoft Visual Studio Solution File, Format Version 12.00
# Visual Studio Version 16
VisualStudioVersion = 16.0.30804.86
MinimumVisualStudioVersion = 10.0.40219.1
Project("{9A19103F-16F7-4668-BE54-9A1E7A4F7556}") = "BethanysPieShop", "BethanysPieShop\BethanysPieShop.csproj", "{9CCB4B57-AB5E-40F3-9844-943712C59882}"
EndProject
Global
	GlobalSection(SolutionConfigurationPlatforms) = preSolution
		Debug|Any CPU = Debug|Any CPU
		Release|Any CPU = Release|Any CPU
	EndGlobalSection
	GlobalSection(ProjectConfigurationPlatforms) = postSolution
		{9CCB4B57-AB5E-40F3-9844-943712C59882}.Debug|Any CPU.ActiveCfg = Debug|Any CPU
		{9CCB4B57-AB5E-40F3-9844-943712C59882}.Debug|Any CPU.Build.0 = Debug|Any CPU
		{9CCB4B57-AB5E-40F3-9844-943712C59882}.Release|Any CPU.ActiveCfg = Release|Any CPU
		{9CCB4B57-AB5E-40F3-9844-943712C59882}.Release|Any CPU.Build.0 = Release|Any CPU
	EndGlobalSection
	GlobalSection(SolutionProperties) = preSolution
		HideSolutionNode = FALSE
	EndGlobalSection
	GlobalSection(ExtensibilityGlobals) = postSolution
		SolutionGuid = {4885FFA9-5434-4009-841D-E70E7F6C2855}
	EndGlobalSection
EndGlobal
